
Microsoft Visual Studio Solution File, Format Version 12.00
# Visual Studio Version 17
VisualStudioVersion = 17.10.35122.118
MinimumVisualStudioVersion = 10.0.40219.1
Project("{FAE04EC0-301F-11D3-BF4B-00C04F79EFBC}") = "ConsConsoleApp", "ConsConsoleApp\ConsConsoleApp.csproj", "{7F4CD72A-48BC-411E-B3BD-744407738439}"
EndProject
Project("{FAE04EC0-301F-11D3-BF4B-00C04F79EFBC}") = "Stage 4.1", "Stage 4.1\Stage 4.1.csproj", "{12FCB764-7E59-450A-A361-2E7E4614B607}"
EndProject
Project("{FAE04EC0-301F-11D3-BF4B-00C04F79EFBC}") = "Arrays 4.3", "Samples\Arrays 4.3.csproj", "{7C499F70-63CB-4419-9952-C1F2C0A0FB2E}"
EndProject
Project("{FAE04EC0-301F-11D3-BF4B-00C04F79EFBC}") = "practical 4.5", "practical 4.5\practical 4.5.csproj", "{5FD7D936-3E90-4D5F-A9D1-ACE36A04F30E}"
EndProject
Project("{FAE04EC0-301F-11D3-BF4B-00C04F79EFBC}") = "Module 5", "Module 5\Module 5.csproj", "{D569257C-75D7-4A0B-8FF8-7B85B60F895B}"
EndProject
Project("{FAE04EC0-301F-11D3-BF4B-00C04F79EFBC}") = "Stage 5.5", "Stage 5.5\Stage 5.5.csproj", "{F5F35B41-F9E6-42E3-AD82-DB9CB79738F2}"
EndProject
Global
	GlobalSection(SolutionConfigurationPlatforms) = preSolution
		Debug|Any CPU = Debug|Any CPU
		Release|Any CPU = Release|Any CPU
	EndGlobalSection
	GlobalSection(ProjectConfigurationPlatforms) = postSolution
		{7F4CD72A-48BC-411E-B3BD-744407738439}.Debug|Any CPU.ActiveCfg = Debug|Any CPU
		{7F4CD72A-48BC-411E-B3BD-744407738439}.Debug|Any CPU.Build.0 = Debug|Any CPU
		{7F4CD72A-48BC-411E-B3BD-744407738439}.Release|Any CPU.ActiveCfg = Release|Any CPU
		{7F4CD72A-48BC-411E-B3BD-744407738439}.Release|Any CPU.Build.0 = Release|Any CPU
		{12FCB764-7E59-450A-A361-2E7E4614B607}.Debug|Any CPU.ActiveCfg = Debug|Any CPU
		{12FCB764-7E59-450A-A361-2E7E4614B607}.Debug|Any CPU.Build.0 = Debug|Any CPU
		{12FCB764-7E59-450A-A361-2E7E4614B607}.Release|Any CPU.ActiveCfg = Release|Any CPU
		{12FCB764-7E59-450A-A361-2E7E4614B607}.Release|Any CPU.Build.0 = Release|Any CPU
		{7C499F70-63CB-4419-9952-C1F2C0A0FB2E}.Debug|Any CPU.ActiveCfg = Debug|Any CPU
		{7C499F70-63CB-4419-9952-C1F2C0A0FB2E}.Debug|Any CPU.Build.0 = Debug|Any CPU
		{7C499F70-63CB-4419-9952-C1F2C0A0FB2E}.Release|Any CPU.ActiveCfg = Release|Any CPU
		{7C499F70-63CB-4419-9952-C1F2C0A0FB2E}.Release|Any CPU.Build.0 = Release|Any CPU
		{5FD7D936-3E90-4D5F-A9D1-ACE36A04F30E}.Debug|Any CPU.ActiveCfg = Debug|Any CPU
		{5FD7D936-3E90-4D5F-A9D1-ACE36A04F30E}.Debug|Any CPU.Build.0 = Debug|Any CPU
		{5FD7D936-3E90-4D5F-A9D1-ACE36A04F30E}.Release|Any CPU.ActiveCfg = Release|Any CPU
		{5FD7D936-3E90-4D5F-A9D1-ACE36A04F30E}.Release|Any CPU.Build.0 = Release|Any CPU
		{D569257C-75D7-4A0B-8FF8-7B85B60F895B}.Debug|Any CPU.ActiveCfg = Debug|Any CPU
		{D569257C-75D7-4A0B-8FF8-7B85B60F895B}.Debug|Any CPU.Build.0 = Debug|Any CPU
		{D569257C-75D7-4A0B-8FF8-7B85B60F895B}.Release|Any CPU.ActiveCfg = Release|Any CPU
		{D569257C-75D7-4A0B-8FF8-7B85B60F895B}.Release|Any CPU.Build.0 = Release|Any CPU
		{F5F35B41-F9E6-42E3-AD82-DB9CB79738F2}.Debug|Any CPU.ActiveCfg = Debug|Any CPU
		{F5F35B41-F9E6-42E3-AD82-DB9CB79738F2}.Debug|Any CPU.Build.0 = Debug|Any CPU
		{F5F35B41-F9E6-42E3-AD82-DB9CB79738F2}.Release|Any CPU.ActiveCfg = Release|Any CPU
		{F5F35B41-F9E6-42E3-AD82-DB9CB79738F2}.Release|Any CPU.Build.0 = Release|Any CPU
	EndGlobalSection
	GlobalSection(SolutionProperties) = preSolution
		HideSolutionNode = FALSE
	EndGlobalSection
	GlobalSection(ExtensibilityGlobals) = postSolution
		SolutionGuid = {CB9ED854-61F2-4248-891E-C57C752B3371}
	EndGlobalSection
EndGlobal
